
Microsoft Visual Studio Solution File, Format Version 12.00
# Visual Studio 15
VisualStudioVersion = 15.0.28307.902
MinimumVisualStudioVersion = 10.0.40219.1
Project("{8BC9CEB8-8B4A-11D0-8D11-00A0C91BC942}") = "Dump", "Dump.vcxproj", "{3973414D-8819-4EDB-AD60-3CE3A6BD4577}"
EndProject
Global
	GlobalSection(SolutionConfigurationPlatforms) = preSolution
		Debug|x64 = Debug|x64
		Debug|x86 = Debug|x86
		Release|x64 = Release|x64
		Release|x86 = Release|x86
	EndGlobalSection
	GlobalSection(ProjectConfigurationPlatforms) = postSolution
		{3973414D-8819-4EDB-AD60-3CE3A6BD4577}.Debug|x64.ActiveCfg = Debug|x64
		{3973414D-8819-4EDB-AD60-3CE3A6BD4577}.Debug|x64.Build.0 = Debug|x64
		{3973414D-8819-4EDB-AD60-3CE3A6BD4577}.Debug|x86.ActiveCfg = Debug|Win32
		{3973414D-8819-4EDB-AD60-3CE3A6BD4577}.Debug|x86.Build.0 = Debug|Win32
		{3973414D-8819-4EDB-AD60-3CE3A6BD4577}.Release|x64.ActiveCfg = Release|x64
		{3973414D-8819-4EDB-AD60-3CE3A6BD4577}.Release|x64.Build.0 = Release|x64
		{3973414D-8819-4EDB-AD60-3CE3A6BD4577}.Release|x86.ActiveCfg = Release|Win32
		{3973414D-8819-4EDB-AD60-3CE3A6BD4577}.Release|x86.Build.0 = Release|Win32
	EndGlobalSection
	GlobalSection(SolutionProperties) = preSolution
		HideSolutionNode = FALSE
	EndGlobalSection
	GlobalSection(ExtensibilityGlobals) = postSolution
		SolutionGuid = {E852B8BC-9F73-454D-93EE-005F95EC5A65}
	EndGlobalSection
EndGlobal
